{
  "name": "node",
  "lockfileVersion": 2,
  "requires": true,
  "packages": {
    "": {
      "name": "node",
      "dependencies": {
        "formidable": "^2.0.1",
        "ip": "^1.1.8",
        "mathjs": "^11.2.1"
      }
    },
    "node_modules/@babel/runtime": {
      "version": "7.19.0",
      "resolved": "https://registry.npmjs.org/@babel/runtime/-/runtime-7.19.0.tgz",
      "integrity": "sha512-eR8Lo9hnDS7tqkO7NsV+mKvCmv5boaXFSZ70DnfhcgiEne8hv9oCEd36Klw74EtizEqLsy4YnW8UWwpBVolHZA==",
      "dependencies": {
        "regenerator-runtime": "^0.13.4"
      },
      "engines": {
        "node": ">=6.9.0"
      }
    },
    "node_modules/asap": {
      "version": "2.0.6",
      "resolved": "https://registry.npmjs.org/asap/-/asap-2.0.6.tgz",
      "integrity": "sha512-BSHWgDSAiKs50o2Re8ppvp3seVHXSRM44cdSsT9FfNEUUZLOGWVCsiWaRPWM1Znn+mqZ1OfVZ3z3DWEzSp7hRA=="
    },
    "node_modules/complex.js": {
      "version": "2.1.1",
      "resolved": "https://registry.npmjs.org/complex.js/-/complex.js-2.1.1.tgz",
      "integrity": "sha512-8njCHOTtFFLtegk6zQo0kkVX1rngygb/KQI6z1qZxlFI3scluC+LVTCFbrkWjBv4vvLlbQ9t88IPMC6k95VTTg==",
      "engines": {
        "node": "*"
      },
      "funding": {
        "type": "patreon",
        "url": "https://www.patreon.com/infusion"
      }
    },
    "node_modules/decimal.js": {
      "version": "10.4.1",
      "resolved": "https://registry.npmjs.org/decimal.js/-/decimal.js-10.4.1.tgz",
      "integrity": "sha512-F29o+vci4DodHYT9UrR5IEbfBw9pE5eSapIJdTqXK5+6hq+t8VRxwQyKlW2i+KDKFkkJQRvFyI/QXD83h8LyQw=="
    },
    "node_modules/dezalgo": {
      "version": "1.0.3",
      "resolved": "https://registry.npmjs.org/dezalgo/-/dezalgo-1.0.3.tgz",
      "integrity": "sha512-K7i4zNfT2kgQz3GylDw40ot9GAE47sFZ9EXHFSPP6zONLgH6kWXE0KWJchkbQJLBkRazq4APwZ4OwiFFlT95OQ==",
      "dependencies": {
        "asap": "^2.0.0",
        "wrappy": "1"
      }
    },
    "node_modules/escape-latex": {
      "version": "1.2.0",
      "resolved": "https://registry.npmjs.org/escape-latex/-/escape-latex-1.2.0.tgz",
      "integrity": "sha512-nV5aVWW1K0wEiUIEdZ4erkGGH8mDxGyxSeqPzRNtWP7ataw+/olFObw7hujFWlVjNsaDFw5VZ5NzVSIqRgfTiw=="
    },
    "node_modules/formidable": {
      "version": "2.0.1",
      "resolved": "https://registry.npmjs.org/formidable/-/formidable-2.0.1.tgz",
      "integrity": "sha512-rjTMNbp2BpfQShhFbR3Ruk3qk2y9jKpvMW78nJgx8QKtxjDVrwbZG+wvDOmVbifHyOUOQJXxqEy6r0faRrPzTQ==",
      "dependencies": {
        "dezalgo": "1.0.3",
        "hexoid": "1.0.0",
        "once": "1.4.0",
        "qs": "6.9.3"
      },
      "funding": {
        "url": "https://ko-fi.com/tunnckoCore/commissions"
      }
    },
    "node_modules/fraction.js": {
      "version": "4.2.0",
      "resolved": "https://registry.npmjs.org/fraction.js/-/fraction.js-4.2.0.tgz",
      "integrity": "sha512-MhLuK+2gUcnZe8ZHlaaINnQLl0xRIGRfcGk2yl8xoQAfHrSsL3rYu6FCmBdkdbhc9EPlwyGHewaRsvwRMJtAlA==",
      "engines": {
        "node": "*"
      },
      "funding": {
        "type": "patreon",
        "url": "https://www.patreon.com/infusion"
      }
    },
    "node_modules/hexoid": {
      "version": "1.0.0",
      "resolved": "https://registry.npmjs.org/hexoid/-/hexoid-1.0.0.tgz",
      "integrity": "sha512-QFLV0taWQOZtvIRIAdBChesmogZrtuXvVWsFHZTk2SU+anspqZ2vMnoLg7IE1+Uk16N19APic1BuF8bC8c2m5g==",
      "engines": {
        "node": ">=8"
      }
    },
    "node_modules/ip": {
      "version": "1.1.8",
      "resolved": "https://registry.npmjs.org/ip/-/ip-1.1.8.tgz",
      "integrity": "sha512-PuExPYUiu6qMBQb4l06ecm6T6ujzhmh+MeJcW9wa89PoAz5pvd4zPgN5WJV104mb6S2T1AwNIAaB70JNrLQWhg=="
    },
    "node_modules/javascript-natural-sort": {
      "version": "0.7.1",
      "resolved": "https://registry.npmjs.org/javascript-natural-sort/-/javascript-natural-sort-0.7.1.tgz",
      "integrity": "sha512-nO6jcEfZWQXDhOiBtG2KvKyEptz7RVbpGP4vTD2hLBdmNQSsCiicO2Ioinv6UI4y9ukqnBpy+XZ9H6uLNgJTlw=="
    },
    "node_modules/mathjs": {
      "version": "11.2.1",
      "resolved": "https://registry.npmjs.org/mathjs/-/mathjs-11.2.1.tgz",
      "integrity": "sha512-V5lqIPExHtFi56LUf0Gyz0wyuJmSbXUM3liZcCDNpj4OKQaUlpQuAymC8x9mFNqajWOgxqS1HZ7Z5B76Hbwrtw==",
      "dependencies": {
        "@babel/runtime": "^7.19.0",
        "complex.js": "^2.1.1",
        "decimal.js": "^10.4.0",
        "escape-latex": "^1.2.0",
        "fraction.js": "^4.2.0",
        "javascript-natural-sort": "^0.7.1",
        "seedrandom": "^3.0.5",
        "tiny-emitter": "^2.1.0",
        "typed-function": "^4.1.0"
      },
      "bin": {
        "mathjs": "bin/cli.js"
      },
      "engines": {
        "node": ">= 14"
      }
    },
    "node_modules/once": {
      "version": "1.4.0",
      "resolved": "https://registry.npmjs.org/once/-/once-1.4.0.tgz",
      "integrity": "sha512-lNaJgI+2Q5URQBkccEKHTQOPaXdUxnZZElQTZY0MFUAuaEqe1E+Nyvgdz/aIyNi6Z9MzO5dv1H8n58/GELp3+w==",
      "dependencies": {
        "wrappy": "1"
      }
    },
    "node_modules/qs": {
      "version": "6.9.3",
      "resolved": "https://registry.npmjs.org/qs/-/qs-6.9.3.tgz",
      "integrity": "sha512-EbZYNarm6138UKKq46tdx08Yo/q9ZhFoAXAI1meAFd2GtbRDhbZY2WQSICskT0c5q99aFzLG1D4nvTk9tqfXIw==",
      "engines": {
        "node": ">=0.6"
      },
      "funding": {
        "url": "https://github.com/sponsors/ljharb"
      }
    },
    "node_modules/regenerator-runtime": {
      "version": "0.13.9",
      "resolved": "https://registry.npmjs.org/regenerator-runtime/-/regenerator-runtime-0.13.9.tgz",
      "integrity": "sha512-p3VT+cOEgxFsRRA9X4lkI1E+k2/CtnKtU4gcxyaCUreilL/vqI6CdZ3wxVUx3UOUg+gnUOQQcRI7BmSI656MYA=="
    },
    "node_modules/seedrandom": {
      "version": "3.0.5",
      "resolved": "https://registry.npmjs.org/seedrandom/-/seedrandom-3.0.5.tgz",
      "integrity": "sha512-8OwmbklUNzwezjGInmZ+2clQmExQPvomqjL7LFqOYqtmuxRgQYqOD3mHaU+MvZn5FLUeVxVfQjwLZW/n/JFuqg=="
    },
    "node_modules/tiny-emitter": {
      "version": "2.1.0",
      "resolved": "https://registry.npmjs.org/tiny-emitter/-/tiny-emitter-2.1.0.tgz",
      "integrity": "sha512-NB6Dk1A9xgQPMoGqC5CVXn123gWyte215ONT5Pp5a0yt4nlEoO1ZWeCwpncaekPHXO60i47ihFnZPiRPjRMq4Q=="
    },
    "node_modules/typed-function": {
      "version": "4.1.0",
      "resolved": "https://registry.npmjs.org/typed-function/-/typed-function-4.1.0.tgz",
      "integrity": "sha512-DGwUl6cioBW5gw2L+6SMupGwH/kZOqivy17E4nsh1JI9fKF87orMmlQx3KISQPmg3sfnOUGlwVkroosvgddrlg==",
      "engines": {
        "node": ">= 14"
      }
    },
    "node_modules/wrappy": {
      "version": "1.0.2",
      "resolved": "https://registry.npmjs.org/wrappy/-/wrappy-1.0.2.tgz",
      "integrity": "sha512-l4Sp/DRseor9wL6EvV2+TuQn63dMkPjZ/sp9XkghTEbV9KlPS1xUsZ3u7/IQO4wxtcFB4bgpQPRcR3QCvezPcQ=="
    }
  },
  "dependencies": {
    "@babel/runtime": {
      "version": "7.19.0",
      "resolved": "https://registry.npmjs.org/@babel/runtime/-/runtime-7.19.0.tgz",
      "integrity": "sha512-eR8Lo9hnDS7tqkO7NsV+mKvCmv5boaXFSZ70DnfhcgiEne8hv9oCEd36Klw74EtizEqLsy4YnW8UWwpBVolHZA==",
      "requires": {
        "regenerator-runtime": "^0.13.4"
      }
    },
    "asap": {
      "version": "2.0.6",
      "resolved": "https://registry.npmjs.org/asap/-/asap-2.0.6.tgz",
      "integrity": "sha512-BSHWgDSAiKs50o2Re8ppvp3seVHXSRM44cdSsT9FfNEUUZLOGWVCsiWaRPWM1Znn+mqZ1OfVZ3z3DWEzSp7hRA=="
    },
    "complex.js": {
      "version": "2.1.1",
      "resolved": "https://registry.npmjs.org/complex.js/-/complex.js-2.1.1.tgz",
      "integrity": "sha512-8njCHOTtFFLtegk6zQo0kkVX1rngygb/KQI6z1qZxlFI3scluC+LVTCFbrkWjBv4vvLlbQ9t88IPMC6k95VTTg=="
    },
    "decimal.js": {
      "version": "10.4.1",
      "resolved": "https://registry.npmjs.org/decimal.js/-/decimal.js-10.4.1.tgz",
      "integrity": "sha512-F29o+vci4DodHYT9UrR5IEbfBw9pE5eSapIJdTqXK5+6hq+t8VRxwQyKlW2i+KDKFkkJQRvFyI/QXD83h8LyQw=="
    },
    "dezalgo": {
      "version": "1.0.3",
      "resolved": "https://registry.npmjs.org/dezalgo/-/dezalgo-1.0.3.tgz",
      "integrity": "sha512-K7i4zNfT2kgQz3GylDw40ot9GAE47sFZ9EXHFSPP6zONLgH6kWXE0KWJchkbQJLBkRazq4APwZ4OwiFFlT95OQ==",
      "requires": {
        "asap": "^2.0.0",
        "wrappy": "1"
      }
    },
    "escape-latex": {
      "version": "1.2.0",
      "resolved": "https://registry.npmjs.org/escape-latex/-/escape-latex-1.2.0.tgz",
      "integrity": "sha512-nV5aVWW1K0wEiUIEdZ4erkGGH8mDxGyxSeqPzRNtWP7ataw+/olFObw7hujFWlVjNsaDFw5VZ5NzVSIqRgfTiw=="
    },
    "formidable": {
      "version": "2.0.1",
      "resolved": "https://registry.npmjs.org/formidable/-/formidable-2.0.1.tgz",
      "integrity": "sha512-rjTMNbp2BpfQShhFbR3Ruk3qk2y9jKpvMW78nJgx8QKtxjDVrwbZG+wvDOmVbifHyOUOQJXxqEy6r0faRrPzTQ==",
      "requires": {
        "dezalgo": "1.0.3",
        "hexoid": "1.0.0",
        "once": "1.4.0",
        "qs": "6.9.3"
      }
    },
    "fraction.js": {
      "version": "4.2.0",
      "resolved": "https://registry.npmjs.org/fraction.js/-/fraction.js-4.2.0.tgz",
      "integrity": "sha512-MhLuK+2gUcnZe8ZHlaaINnQLl0xRIGRfcGk2yl8xoQAfHrSsL3rYu6FCmBdkdbhc9EPlwyGHewaRsvwRMJtAlA=="
    },
    "hexoid": {
      "version": "1.0.0",
      "resolved": "https://registry.npmjs.org/hexoid/-/hexoid-1.0.0.tgz",
      "integrity": "sha512-QFLV0taWQOZtvIRIAdBChesmogZrtuXvVWsFHZTk2SU+anspqZ2vMnoLg7IE1+Uk16N19APic1BuF8bC8c2m5g=="
    },
    "ip": {
      "version": "1.1.8",
      "resolved": "https://registry.npmjs.org/ip/-/ip-1.1.8.tgz",
      "integrity": "sha512-PuExPYUiu6qMBQb4l06ecm6T6ujzhmh+MeJcW9wa89PoAz5pvd4zPgN5WJV104mb6S2T1AwNIAaB70JNrLQWhg=="
    },
    "javascript-natural-sort": {
      "version": "0.7.1",
      "resolved": "https://registry.npmjs.org/javascript-natural-sort/-/javascript-natural-sort-0.7.1.tgz",
      "integrity": "sha512-nO6jcEfZWQXDhOiBtG2KvKyEptz7RVbpGP4vTD2hLBdmNQSsCiicO2Ioinv6UI4y9ukqnBpy+XZ9H6uLNgJTlw=="
    },
    "mathjs": {
      "version": "11.2.1",
      "resolved": "https://registry.npmjs.org/mathjs/-/mathjs-11.2.1.tgz",
      "integrity": "sha512-V5lqIPExHtFi56LUf0Gyz0wyuJmSbXUM3liZcCDNpj4OKQaUlpQuAymC8x9mFNqajWOgxqS1HZ7Z5B76Hbwrtw==",
      "requires": {
        "@babel/runtime": "^7.19.0",
        "complex.js": "^2.1.1",
        "decimal.js": "^10.4.0",
        "escape-latex": "^1.2.0",
        "fraction.js": "^4.2.0",
        "javascript-natural-sort": "^0.7.1",
        "seedrandom": "^3.0.5",
        "tiny-emitter": "^2.1.0",
        "typed-function": "^4.1.0"
      }
    },
    "once": {
      "version": "1.4.0",
      "resolved": "https://registry.npmjs.org/once/-/once-1.4.0.tgz",
      "integrity": "sha512-lNaJgI+2Q5URQBkccEKHTQOPaXdUxnZZElQTZY0MFUAuaEqe1E+Nyvgdz/aIyNi6Z9MzO5dv1H8n58/GELp3+w==",
      "requires": {
        "wrappy": "1"
      }
    },
    "qs": {
      "version": "6.9.3",
      "resolved": "https://registry.npmjs.org/qs/-/qs-6.9.3.tgz",
      "integrity": "sha512-EbZYNarm6138UKKq46tdx08Yo/q9ZhFoAXAI1meAFd2GtbRDhbZY2WQSICskT0c5q99aFzLG1D4nvTk9tqfXIw=="
    },
    "regenerator-runtime": {
      "version": "0.13.9",
      "resolved": "https://registry.npmjs.org/regenerator-runtime/-/regenerator-runtime-0.13.9.tgz",
      "integrity": "sha512-p3VT+cOEgxFsRRA9X4lkI1E+k2/CtnKtU4gcxyaCUreilL/vqI6CdZ3wxVUx3UOUg+gnUOQQcRI7BmSI656MYA=="
    },
    "seedrandom": {
      "version": "3.0.5",
      "resolved": "https://registry.npmjs.org/seedrandom/-/seedrandom-3.0.5.tgz",
      "integrity": "sha512-8OwmbklUNzwezjGInmZ+2clQmExQPvomqjL7LFqOYqtmuxRgQYqOD3mHaU+MvZn5FLUeVxVfQjwLZW/n/JFuqg=="
    },
    "tiny-emitter": {
      "version": "2.1.0",
      "resolved": "https://registry.npmjs.org/tiny-emitter/-/tiny-emitter-2.1.0.tgz",
      "integrity": "sha512-NB6Dk1A9xgQPMoGqC5CVXn123gWyte215ONT5Pp5a0yt4nlEoO1ZWeCwpncaekPHXO60i47ihFnZPiRPjRMq4Q=="
    },
    "typed-function": {
      "version": "4.1.0",
      "resolved": "https://registry.npmjs.org/typed-function/-/typed-function-4.1.0.tgz",
      "integrity": "sha512-DGwUl6cioBW5gw2L+6SMupGwH/kZOqivy17E4nsh1JI9fKF87orMmlQx3KISQPmg3sfnOUGlwVkroosvgddrlg=="
    },
    "wrappy": {
      "version": "1.0.2",
      "resolved": "https://registry.npmjs.org/wrappy/-/wrappy-1.0.2.tgz",
      "integrity": "sha512-l4Sp/DRseor9wL6EvV2+TuQn63dMkPjZ/sp9XkghTEbV9KlPS1xUsZ3u7/IQO4wxtcFB4bgpQPRcR3QCvezPcQ=="
    }
  }
}
